// !$*UTF8*$!
{
	archiveVersion = 1;
	classes = {
	};
	objectVersion = 51;
	objects = {

/* Begin PBXBuildFile section */
		1841624B728BD75A71D2745A /* Pods_Flix_FlixUITests.framework in Frameworks */ = {isa = PBXBuildFile; fileRef = DBDC3C25D068F8681060A868 /* Pods_Flix_FlixUITests.framework */; };
		A5F5FC3F6A61359060322D5C /* Pods_Flix.framework in Frameworks */ = {isa = PBXBuildFile; fileRef = 30EDEBE3B1CBF576B2C9885E /* Pods_Flix.framework */; };
		D409B25625DF7F6C009C44AA /* MovieDetailsViewController.swift in Sources */ = {isa = PBXBuildFile; fileRef = D409B25525DF7F6C009C44AA /* MovieDetailsViewController.swift */; };
		D4AB361A25D53FB300459257 /* AppDelegate.swift in Sources */ = {isa = PBXBuildFile; fileRef = D4AB361925D53FB300459257 /* AppDelegate.swift */; };
		D4AB361C25D53FB300459257 /* SceneDelegate.swift in Sources */ = {isa = PBXBuildFile; fileRef = D4AB361B25D53FB300459257 /* SceneDelegate.swift */; };
		D4AB362125D53FB300459257 /* Main.storyboard in Resources */ = {isa = PBXBuildFile; fileRef = D4AB361F25D53FB300459257 /* Main.storyboard */; };
		D4AB362325D53FB500459257 /* Assets.xcassets in Resources */ = {isa = PBXBuildFile; fileRef = D4AB362225D53FB500459257 /* Assets.xcassets */; };
		D4AB362625D53FB500459257 /* LaunchScreen.storyboard in Resources */ = {isa = PBXBuildFile; fileRef = D4AB362425D53FB500459257 /* LaunchScreen.storyboard */; };
		D4AB363125D53FB500459257 /* FlixTests.swift in Sources */ = {isa = PBXBuildFile; fileRef = D4AB363025D53FB500459257 /* FlixTests.swift */; };
		D4AB363C25D53FB500459257 /* FlixUITests.swift in Sources */ = {isa = PBXBuildFile; fileRef = D4AB363B25D53FB500459257 /* FlixUITests.swift */; };
		D4AB365025D5409C00459257 /* MoviesViewController.swift in Sources */ = {isa = PBXBuildFile; fileRef = D4AB364F25D5409C00459257 /* MoviesViewController.swift */; };
		D4AB366025D5803F00459257 /* MovieCell.swift in Sources */ = {isa = PBXBuildFile; fileRef = D4AB365F25D5803F00459257 /* MovieCell.swift */; };
		D4C014DD25DF910A003564B0 /* MovieGridViewController.swift in Sources */ = {isa = PBXBuildFile; fileRef = D4C014DC25DF910A003564B0 /* MovieGridViewController.swift */; };
		D4C014E225DF9696003564B0 /* MovieGridCell.swift in Sources */ = {isa = PBXBuildFile; fileRef = D4C014E125DF9696003564B0 /* MovieGridCell.swift */; };
		FF2A7C79DF597530676C1106 /* Pods_FlixTests.framework in Frameworks */ = {isa = PBXBuildFile; fileRef = C9F3E7731706275B97E85392 /* Pods_FlixTests.framework */; };
/* End PBXBuildFile section */

/* Begin PBXContainerItemProxy section */
		D4AB362D25D53FB500459257 /* PBXContainerItemProxy */ = {
			isa = PBXContainerItemProxy;
			containerPortal = D4AB360E25D53FB300459257 /* Project object */;
			proxyType = 1;
			remoteGlobalIDString = D4AB361525D53FB300459257;
			remoteInfo = Flix;
		};
		D4AB363825D53FB500459257 /* PBXContainerItemProxy */ = {
			isa = PBXContainerItemProxy;
			containerPortal = D4AB360E25D53FB300459257 /* Project object */;
			proxyType = 1;
			remoteGlobalIDString = D4AB361525D53FB300459257;
			remoteInfo = Flix;
		};
/* End PBXContainerItemProxy section */

/* Begin PBXFileReference section */
		0D3473C121FB4C4A1C8E2ED5 /* Pods-FlixTests.debug.xcconfig */ = {isa = PBXFileReference; includeInIndex = 1; lastKnownFileType = text.xcconfig; name = "Pods-FlixTests.debug.xcconfig"; path = "Target Support Files/Pods-FlixTests/Pods-FlixTests.debug.xcconfig"; sourceTree = "<group>"; };
		145A71AA8936048EEA98DE91 /* Pods-Flix.debug.xcconfig */ = {isa = PBXFileReference; includeInIndex = 1; lastKnownFileType = text.xcconfig; name = "Pods-Flix.debug.xcconfig"; path = "Target Support Files/Pods-Flix/Pods-Flix.debug.xcconfig"; sourceTree = "<group>"; };
		30EDEBE3B1CBF576B2C9885E /* Pods_Flix.framework */ = {isa = PBXFileReference; explicitFileType = wrapper.framework; includeInIndex = 0; path = Pods_Flix.framework; sourceTree = BUILT_PRODUCTS_DIR; };
		5E7493BA9F170B62C5BA4C60 /* Pods-Flix-FlixUITests.release.xcconfig */ = {isa = PBXFileReference; includeInIndex = 1; lastKnownFileType = text.xcconfig; name = "Pods-Flix-FlixUITests.release.xcconfig"; path = "Target Support Files/Pods-Flix-FlixUITests/Pods-Flix-FlixUITests.release.xcconfig"; sourceTree = "<group>"; };
		BAD1FB947B8A3C6F0BA04AF0 /* Pods-FlixTests.release.xcconfig */ = {isa = PBXFileReference; includeInIndex = 1; lastKnownFileType = text.xcconfig; name = "Pods-FlixTests.release.xcconfig"; path = "Target Support Files/Pods-FlixTests/Pods-FlixTests.release.xcconfig"; sourceTree = "<group>"; };
		C9F3E7731706275B97E85392 /* Pods_FlixTests.framework */ = {isa = PBXFileReference; explicitFileType = wrapper.framework; includeInIndex = 0; path = Pods_FlixTests.framework; sourceTree = BUILT_PRODUCTS_DIR; };
		D409B25525DF7F6C009C44AA /* MovieDetailsViewController.swift */ = {isa = PBXFileReference; lastKnownFileType = sourcecode.swift; path = MovieDetailsViewController.swift; sourceTree = "<group>"; };
		D4AB361625D53FB300459257 /* Flix.app */ = {isa = PBXFileReference; explicitFileType = wrapper.application; includeInIndex = 0; path = Flix.app; sourceTree = BUILT_PRODUCTS_DIR; };
		D4AB361925D53FB300459257 /* AppDelegate.swift */ = {isa = PBXFileReference; lastKnownFileType = sourcecode.swift; path = AppDelegate.swift; sourceTree = "<group>"; };
		D4AB361B25D53FB300459257 /* SceneDelegate.swift */ = {isa = PBXFileReference; lastKnownFileType = sourcecode.swift; path = SceneDelegate.swift; sourceTree = "<group>"; };
		D4AB362025D53FB300459257 /* Base */ = {isa = PBXFileReference; lastKnownFileType = file.storyboard; name = Base; path = Base.lproj/Main.storyboard; sourceTree = "<group>"; };
		D4AB362225D53FB500459257 /* Assets.xcassets */ = {isa = PBXFileReference; lastKnownFileType = folder.assetcatalog; path = Assets.xcassets; sourceTree = "<group>"; };
		D4AB362525D53FB500459257 /* Base */ = {isa = PBXFileReference; lastKnownFileType = file.storyboard; name = Base; path = Base.lproj/LaunchScreen.storyboard; sourceTree = "<group>"; };
		D4AB362725D53FB500459257 /* Info.plist */ = {isa = PBXFileReference; lastKnownFileType = text.plist.xml; path = Info.plist; sourceTree = "<group>"; };
		D4AB362C25D53FB500459257 /* FlixTests.xctest */ = {isa = PBXFileReference; explicitFileType = wrapper.cfbundle; includeInIndex = 0; path = FlixTests.xctest; sourceTree = BUILT_PRODUCTS_DIR; };
		D4AB363025D53FB500459257 /* FlixTests.swift */ = {isa = PBXFileReference; lastKnownFileType = sourcecode.swift; path = FlixTests.swift; sourceTree = "<group>"; };
		D4AB363225D53FB500459257 /* Info.plist */ = {isa = PBXFileReference; lastKnownFileType = text.plist.xml; path = Info.plist; sourceTree = "<group>"; };
		D4AB363725D53FB500459257 /* FlixUITests.xctest */ = {isa = PBXFileReference; explicitFileType = wrapper.cfbundle; includeInIndex = 0; path = FlixUITests.xctest; sourceTree = BUILT_PRODUCTS_DIR; };
		D4AB363B25D53FB500459257 /* FlixUITests.swift */ = {isa = PBXFileReference; lastKnownFileType = sourcecode.swift; path = FlixUITests.swift; sourceTree = "<group>"; };
		D4AB363D25D53FB500459257 /* Info.plist */ = {isa = PBXFileReference; lastKnownFileType = text.plist.xml; path = Info.plist; sourceTree = "<group>"; };
		D4AB364F25D5409C00459257 /* MoviesViewController.swift */ = {isa = PBXFileReference; lastKnownFileType = sourcecode.swift; path = MoviesViewController.swift; sourceTree = "<group>"; };
		D4AB365F25D5803F00459257 /* MovieCell.swift */ = {isa = PBXFileReference; lastKnownFileType = sourcecode.swift; path = MovieCell.swift; sourceTree = "<group>"; };
		D4C014DC25DF910A003564B0 /* MovieGridViewController.swift */ = {isa = PBXFileReference; lastKnownFileType = sourcecode.swift; path = MovieGridViewController.swift; sourceTree = "<group>"; };
		D4C014E125DF9696003564B0 /* MovieGridCell.swift */ = {isa = PBXFileReference; lastKnownFileType = sourcecode.swift; path = MovieGridCell.swift; sourceTree = "<group>"; };
		DBDC3C25D068F8681060A868 /* Pods_Flix_FlixUITests.framework */ = {isa = PBXFileReference; explicitFileType = wrapper.framework; includeInIndex = 0; path = Pods_Flix_FlixUITests.framework; sourceTree = BUILT_PRODUCTS_DIR; };
		E0899B8016DC3667DC376EC6 /* Pods-Flix-FlixUITests.debug.xcconfig */ = {isa = PBXFileReference; includeInIndex = 1; lastKnownFileType = text.xcconfig; name = "Pods-Flix-FlixUITests.debug.xcconfig"; path = "Target Support Files/Pods-Flix-FlixUITests/Pods-Flix-FlixUITests.debug.xcconfig"; sourceTree = "<group>"; };
		FC45E3EE7475ABDB72A7D5DD /* Pods-Flix.release.xcconfig */ = {isa = PBXFileReference; includeInIndex = 1; lastKnownFileType = text.xcconfig; name = "Pods-Flix.release.xcconfig"; path = "Target Support Files/Pods-Flix/Pods-Flix.release.xcconfig"; sourceTree = "<group>"; };
/* End PBXFileReference section */

/* Begin PBXFrameworksBuildPhase section */
		D4AB361325D53FB300459257 /* Frameworks */ = {
			isa = PBXFrameworksBuildPhase;
			buildActionMask = 2147483647;
			files = (
				A5F5FC3F6A61359060322D5C /* Pods_Flix.framework in Frameworks */,
			);
			runOnlyForDeploymentPostprocessing = 0;
		};
		D4AB362925D53FB500459257 /* Frameworks */ = {
			isa = PBXFrameworksBuildPhase;
			buildActionMask = 2147483647;
			files = (
				FF2A7C79DF597530676C1106 /* Pods_FlixTests.framework in Frameworks */,
			);
			runOnlyForDeploymentPostprocessing = 0;
		};
		D4AB363425D53FB500459257 /* Frameworks */ = {
			isa = PBXFrameworksBuildPhase;
			buildActionMask = 2147483647;
			files = (
				1841624B728BD75A71D2745A /* Pods_Flix_FlixUITests.framework in Frameworks */,
			);
			runOnlyForDeploymentPostprocessing = 0;
		};
/* End PBXFrameworksBuildPhase section */

/* Begin PBXGroup section */
		5E7DB8CBC0B77CD252C8FF4D /* Frameworks */ = {
			isa = PBXGroup;
			children = (
				30EDEBE3B1CBF576B2C9885E /* Pods_Flix.framework */,
				DBDC3C25D068F8681060A868 /* Pods_Flix_FlixUITests.framework */,
				C9F3E7731706275B97E85392 /* Pods_FlixTests.framework */,
			);
			name = Frameworks;
			sourceTree = "<group>";
		};
		D4AB360D25D53FB300459257 = {
			isa = PBXGroup;
			children = (
				D4AB361825D53FB300459257 /* Flix */,
				D4AB362F25D53FB500459257 /* FlixTests */,
				D4AB363A25D53FB500459257 /* FlixUITests */,
				D4AB361725D53FB300459257 /* Products */,
				D7D27D8049DCF14B7DD9FB44 /* Pods */,
				5E7DB8CBC0B77CD252C8FF4D /* Frameworks */,
			);
			sourceTree = "<group>";
		};
		D4AB361725D53FB300459257 /* Products */ = {
			isa = PBXGroup;
			children = (
				D4AB361625D53FB300459257 /* Flix.app */,
				D4AB362C25D53FB500459257 /* FlixTests.xctest */,
				D4AB363725D53FB500459257 /* FlixUITests.xctest */,
			);
			name = Products;
			sourceTree = "<group>";
		};
		D4AB361825D53FB300459257 /* Flix */ = {
			isa = PBXGroup;
			children = (
				D4AB361925D53FB300459257 /* AppDelegate.swift */,
				D4AB361B25D53FB300459257 /* SceneDelegate.swift */,
				D4AB361F25D53FB300459257 /* Main.storyboard */,
				D4C014E125DF9696003564B0 /* MovieGridCell.swift */,
				D409B25525DF7F6C009C44AA /* MovieDetailsViewController.swift */,
				D4AB365F25D5803F00459257 /* MovieCell.swift */,
				D4C014DC25DF910A003564B0 /* MovieGridViewController.swift */,
				D4AB364F25D5409C00459257 /* MoviesViewController.swift */,
				D4AB362225D53FB500459257 /* Assets.xcassets */,
				D4AB362425D53FB500459257 /* LaunchScreen.storyboard */,
				D4AB362725D53FB500459257 /* Info.plist */,
			);
			path = Flix;
			sourceTree = "<group>";
		};
		D4AB362F25D53FB500459257 /* FlixTests */ = {
			isa = PBXGroup;
			children = (
				D4AB363025D53FB500459257 /* FlixTests.swift */,
				D4AB363225D53FB500459257 /* Info.plist */,
			);
			path = FlixTests;
			sourceTree = "<group>";
		};
		D4AB363A25D53FB500459257 /* FlixUITests */ = {
			isa = PBXGroup;
			children = (
				D4AB363B25D53FB500459257 /* FlixUITests.swift */,
				D4AB363D25D53FB500459257 /* Info.plist */,
			);
			path = FlixUITests;
			sourceTree = "<group>";
		};
		D7D27D8049DCF14B7DD9FB44 /* Pods */ = {
			isa = PBXGroup;
			children = (
				145A71AA8936048EEA98DE91 /* Pods-Flix.debug.xcconfig */,
				FC45E3EE7475ABDB72A7D5DD /* Pods-Flix.release.xcconfig */,
				E0899B8016DC3667DC376EC6 /* Pods-Flix-FlixUITests.debug.xcconfig */,
				5E7493BA9F170B62C5BA4C60 /* Pods-Flix-FlixUITests.release.xcconfig */,
				0D3473C121FB4C4A1C8E2ED5 /* Pods-FlixTests.debug.xcconfig */,
				BAD1FB947B8A3C6F0BA04AF0 /* Pods-FlixTests.release.xcconfig */,
			);
			path = Pods;
			sourceTree = "<group>";
		};
/* End PBXGroup section */

/* Begin PBXNativeTarget section */
		D4AB361525D53FB300459257 /* Flix */ = {
			isa = PBXNativeTarget;
			buildConfigurationList = D4AB364025D53FB500459257 /* Build configuration list for PBXNativeTarget "Flix" */;
			buildPhases = (
				F735A45316FF08FD405C7061 /* [CP] Check Pods Manifest.lock */,
				D4AB361225D53FB300459257 /* Sources */,
				D4AB361325D53FB300459257 /* Frameworks */,
				D4AB361425D53FB300459257 /* Resources */,
				2FC333DD625559A0566D4951 /* [CP] Embed Pods Frameworks */,
			);
			buildRules = (
			);
			dependencies = (
			);
			name = Flix;
			productName = Flix;
			productReference = D4AB361625D53FB300459257 /* Flix.app */;
			productType = "com.apple.product-type.application";
		};
		D4AB362B25D53FB500459257 /* FlixTests */ = {
			isa = PBXNativeTarget;
			buildConfigurationList = D4AB364325D53FB500459257 /* Build configuration list for PBXNativeTarget "FlixTests" */;
			buildPhases = (
				5F310586679007D268597AB1 /* [CP] Check Pods Manifest.lock */,
				D4AB362825D53FB500459257 /* Sources */,
				D4AB362925D53FB500459257 /* Frameworks */,
				D4AB362A25D53FB500459257 /* Resources */,
			);
			buildRules = (
			);
			dependencies = (
				D4AB362E25D53FB500459257 /* PBXTargetDependency */,
			);
			name = FlixTests;
			productName = FlixTests;
			productReference = D4AB362C25D53FB500459257 /* FlixTests.xctest */;
			productType = "com.apple.product-type.bundle.unit-test";
		};
		D4AB363625D53FB500459257 /* FlixUITests */ = {
			isa = PBXNativeTarget;
			buildConfigurationList = D4AB364625D53FB500459257 /* Build configuration list for PBXNativeTarget "FlixUITests" */;
			buildPhases = (
				1B221D28753F7C930842807D /* [CP] Check Pods Manifest.lock */,
				D4AB363325D53FB500459257 /* Sources */,
				D4AB363425D53FB500459257 /* Frameworks */,
				D4AB363525D53FB500459257 /* Resources */,
				D8AAB51AD379E75F71B5602E /* [CP] Embed Pods Frameworks */,
			);
			buildRules = (
			);
			dependencies = (
				D4AB363925D53FB500459257 /* PBXTargetDependency */,
			);
			name = FlixUITests;
			productName = FlixUITests;
			productReference = D4AB363725D53FB500459257 /* FlixUITests.xctest */;
			productType = "com.apple.product-type.bundle.ui-testing";
		};
/* End PBXNativeTarget section */

/* Begin PBXProject section */
		D4AB360E25D53FB300459257 /* Project object */ = {
			isa = PBXProject;
			attributes = {
				LastSwiftUpdateCheck = 1220;
				LastUpgradeCheck = 1220;
				TargetAttributes = {
					D4AB361525D53FB300459257 = {
						CreatedOnToolsVersion = 12.2;
					};
					D4AB362B25D53FB500459257 = {
						CreatedOnToolsVersion = 12.2;
						TestTargetID = D4AB361525D53FB300459257;
					};
					D4AB363625D53FB500459257 = {
						CreatedOnToolsVersion = 12.2;
						TestTargetID = D4AB361525D53FB300459257;
					};
				};
			};
			buildConfigurationList = D4AB361125D53FB300459257 /* Build configuration list for PBXProject "Flix" */;
			compatibilityVersion = "Xcode 9.3";
			developmentRegion = en;
			hasScannedForEncodings = 0;
			knownRegions = (
				en,
				Base,
			);
			mainGroup = D4AB360D25D53FB300459257;
			productRefGroup = D4AB361725D53FB300459257 /* Products */;
			projectDirPath = "";
			projectRoot = "";
			targets = (
				D4AB361525D53FB300459257 /* Flix */,
				D4AB362B25D53FB500459257 /* FlixTests */,
				D4AB363625D53FB500459257 /* FlixUITests */,
			);
		};
/* End PBXProject section */

/* Begin PBXResourcesBuildPhase section */
		D4AB361425D53FB300459257 /* Resources */ = {
			isa = PBXResourcesBuildPhase;
			buildActionMask = 2147483647;
			files = (
				D4AB362625D53FB500459257 /* LaunchScreen.storyboard in Resources */,
				D4AB362325D53FB500459257 /* Assets.xcassets in Resources */,
				D4AB362125D53FB300459257 /* Main.storyboard in Resources */,
			);
			runOnlyForDeploymentPostprocessing = 0;
		};
		D4AB362A25D53FB500459257 /* Resources */ = {
			isa = PBXResourcesBuildPhase;
			buildActionMask = 2147483647;
			files = (
			);
			runOnlyForDeploymentPostprocessing = 0;
		};
		D4AB363525D53FB500459257 /* Resources */ = {
			isa = PBXResourcesBuildPhase;
			buildActionMask = 2147483647;
			files = (
			);
			runOnlyForDeploymentPostprocessing = 0;
		};
/* End PBXResourcesBuildPhase section */

/* Begin PBXShellScriptBuildPhase section */
		1B221D28753F7C930842807D /* [CP] Check Pods Manifest.lock */ = {
			isa = PBXShellScriptBuildPhase;
			buildActionMask = 2147483647;
			files = (
			);
			inputFileListPaths = (
			);
			inputPaths = (
				"${PODS_PODFILE_DIR_PATH}/Podfile.lock",
				"${PODS_ROOT}/Manifest.lock",
			);
			name = "[CP] Check Pods Manifest.lock";
			outputFileListPaths = (
			);
			outputPaths = (
				"$(DERIVED_FILE_DIR)/Pods-Flix-FlixUITests-checkManifestLockResult.txt",
			);
			runOnlyForDeploymentPostprocessing = 0;
			shellPath = /bin/sh;
			shellScript = "diff \"${PODS_PODFILE_DIR_PATH}/Podfile.lock\" \"${PODS_ROOT}/Manifest.lock\" > /dev/null\nif [ $? != 0 ] ; then\n    # print error to STDERR\n    echo \"error: The sandbox is not in sync with the Podfile.lock. Run 'pod install' or update your CocoaPods installation.\" >&2\n    exit 1\nfi\n# This output is used by Xcode 'outputs' to avoid re-running this script phase.\necho \"SUCCESS\" > \"${SCRIPT_OUTPUT_FILE_0}\"\n";
			showEnvVarsInLog = 0;
		};
		2FC333DD625559A0566D4951 /* [CP] Embed Pods Frameworks */ = {
			isa = PBXShellScriptBuildPhase;
			buildActionMask = 2147483647;
			files = (
			);
			inputFileListPaths = (
				"${PODS_ROOT}/Target Support Files/Pods-Flix/Pods-Flix-frameworks-${CONFIGURATION}-input-files.xcfilelist",
			);
			name = "[CP] Embed Pods Frameworks";
			outputFileListPaths = (
				"${PODS_ROOT}/Target Support Files/Pods-Flix/Pods-Flix-frameworks-${CONFIGURATION}-output-files.xcfilelist",
			);
			runOnlyForDeploymentPostprocessing = 0;
			shellPath = /bin/sh;
			shellScript = "\"${PODS_ROOT}/Target Support Files/Pods-Flix/Pods-Flix-frameworks.sh\"\n";
			showEnvVarsInLog = 0;
		};
		5F310586679007D268597AB1 /* [CP] Check Pods Manifest.lock */ = {
			isa = PBXShellScriptBuildPhase;
			buildActionMask = 2147483647;
			files = (
			);
			inputFileListPaths = (
			);
			inputPaths = (
				"${PODS_PODFILE_DIR_PATH}/Podfile.lock",
				"${PODS_ROOT}/Manifest.lock",
			);
			name = "[CP] Check Pods Manifest.lock";
			outputFileListPaths = (
			);
			outputPaths = (
				"$(DERIVED_FILE_DIR)/Pods-FlixTests-checkManifestLockResult.txt",
			);
			runOnlyForDeploymentPostprocessing = 0;
			shellPath = /bin/sh;
			shellScript = "diff \"${PODS_PODFILE_DIR_PATH}/Podfile.lock\" \"${PODS_ROOT}/Manifest.lock\" > /dev/null\nif [ $? != 0 ] ; then\n    # print error to STDERR\n    echo \"error: The sandbox is not in sync with the Podfile.lock. Run 'pod install' or update your CocoaPods installation.\" >&2\n    exit 1\nfi\n# This output is used by Xcode 'outputs' to avoid re-running this script phase.\necho \"SUCCESS\" > \"${SCRIPT_OUTPUT_FILE_0}\"\n";
			showEnvVarsInLog = 0;
		};
		D8AAB51AD379E75F71B5602E /* [CP] Embed Pods Frameworks */ = {
			isa = PBXShellScriptBuildPhase;
			buildActionMask = 2147483647;
			files = (
			);
			inputFileListPaths = (
				"${PODS_ROOT}/Target Support Files/Pods-Flix-FlixUITests/Pods-Flix-FlixUITests-frameworks-${CONFIGURATION}-input-files.xcfilelist",
			);
			name = "[CP] Embed Pods Frameworks";
			outputFileListPaths = (
				"${PODS_ROOT}/Target Support Files/Pods-Flix-FlixUITests/Pods-Flix-FlixUITests-frameworks-${CONFIGURATION}-output-files.xcfilelist",
			);
			runOnlyForDeploymentPostprocessing = 0;
			shellPath = /bin/sh;
			shellScript = "\"${PODS_ROOT}/Target Support Files/Pods-Flix-FlixUITests/Pods-Flix-FlixUITests-frameworks.sh\"\n";
			showEnvVarsInLog = 0;
		};
		F735A45316FF08FD405C7061 /* [CP] Check Pods Manifest.lock */ = {
			isa = PBXShellScriptBuildPhase;
			buildActionMask = 2147483647;
			files = (
			);
			inputFileListPaths = (
			);
			inputPaths = (
				"${PODS_PODFILE_DIR_PATH}/Podfile.lock",
				"${PODS_ROOT}/Manifest.lock",
			);
			name = "[CP] Check Pods Manifest.lock";
			outputFileListPaths = (
			);
			outputPaths = (
				"$(DERIVED_FILE_DIR)/Pods-Flix-checkManifestLockResult.txt",
			);
			runOnlyForDeploymentPostprocessing = 0;
			shellPath = /bin/sh;
			shellScript = "diff \"${PODS_PODFILE_DIR_PATH}/Podfile.lock\" \"${PODS_ROOT}/Manifest.lock\" > /dev/null\nif [ $? != 0 ] ; then\n    # print error to STDERR\n    echo \"error: The sandbox is not in sync with the Podfile.lock. Run 'pod install' or update your CocoaPods installation.\" >&2\n    exit 1\nfi\n# This output is used by Xcode 'outputs' to avoid re-running this script phase.\necho \"SUCCESS\" > \"${SCRIPT_OUTPUT_FILE_0}\"\n";
			showEnvVarsInLog = 0;
		};
/* End PBXShellScriptBuildPhase section */

/* Begin PBXSourcesBuildPhase section */
		D4AB361225D53FB300459257 /* Sources */ = {
			isa = PBXSourcesBuildPhase;
			buildActionMask = 2147483647;
			files = (
				D409B25625DF7F6C009C44AA /* MovieDetailsViewController.swift in Sources */,
				D4AB361A25D53FB300459257 /* AppDelegate.swift in Sources */,
				D4AB361C25D53FB300459257 /* SceneDelegate.swift in Sources */,
				D4AB366025D5803F00459257 /* MovieCell.swift in Sources */,
				D4AB365025D5409C00459257 /* MoviesViewController.swift in Sources */,
				D4C014DD25DF910A003564B0 /* MovieGridViewController.swift in Sources */,
				D4C014E225DF9696003564B0 /* MovieGridCell.swift in Sources */,
			);
			runOnlyForDeploymentPostprocessing = 0;
		};
		D4AB362825D53FB500459257 /* Sources */ = {
			isa = PBXSourcesBuildPhase;
			buildActionMask = 2147483647;
			files = (
				D4AB363125D53FB500459257 /* FlixTests.swift in Sources */,
			);
			runOnlyForDeploymentPostprocessing = 0;
		};
		D4AB363325D53FB500459257 /* Sources */ = {
			isa = PBXSourcesBuildPhase;
			buildActionMask = 2147483647;
			files = (
				D4AB363C25D53FB500459257 /* FlixUITests.swift in Sources */,
			);
			runOnlyForDeploymentPostprocessing = 0;
		};
/* End PBXSourcesBuildPhase section */

/* Begin PBXTargetDependency section */
		D4AB362E25D53FB500459257 /* PBXTargetDependency */ = {
			isa = PBXTargetDependency;
			target = D4AB361525D53FB300459257 /* Flix */;
			targetProxy = D4AB362D25D53FB500459257 /* PBXContainerItemProxy */;
		};
		D4AB363925D53FB500459257 /* PBXTargetDependency */ = {
			isa = PBXTargetDependency;
			target = D4AB361525D53FB300459257 /* Flix */;
			targetProxy = D4AB363825D53FB500459257 /* PBXContainerItemProxy */;
		};
/* End PBXTargetDependency section */

/* Begin PBXVariantGroup section */
		D4AB361F25D53FB300459257 /* Main.storyboard */ = {
			isa = PBXVariantGroup;
			children = (
				D4AB362025D53FB300459257 /* Base */,
			);
			name = Main.storyboard;
			sourceTree = "<group>";
		};
		D4AB362425D53FB500459257 /* LaunchScreen.storyboard */ = {
			isa = PBXVariantGroup;
			children = (
				D4AB362525D53FB500459257 /* Base */,
			);
			name = LaunchScreen.storyboard;
			sourceTree = "<group>";
		};
/* End PBXVariantGroup section */

/* Begin XCBuildConfiguration section */
		D4AB363E25D53FB500459257 /* Debug */ = {
			isa = XCBuildConfiguration;
			buildSettings = {
				ALWAYS_SEARCH_USER_PATHS = NO;
				CLANG_ANALYZER_NONNULL = YES;
				CLANG_ANALYZER_NUMBER_OBJECT_CONVERSION = YES_AGGRESSIVE;
				CLANG_CXX_LANGUAGE_STANDARD = "gnu++14";
				CLANG_CXX_LIBRARY = "libc++";
				CLANG_ENABLE_MODULES = YES;
				CLANG_ENABLE_OBJC_ARC = YES;
				CLANG_ENABLE_OBJC_WEAK = YES;
				CLANG_WARN_BLOCK_CAPTURE_AUTORELEASING = YES;
				CLANG_WARN_BOOL_CONVERSION = YES;
				CLANG_WARN_COMMA = YES;
				CLANG_WARN_CONSTANT_CONVERSION = YES;
				CLANG_WARN_DEPRECATED_OBJC_IMPLEMENTATIONS = YES;
				CLANG_WARN_DIRECT_OBJC_ISA_USAGE = YES_ERROR;
				CLANG_WARN_DOCUMENTATION_COMMENTS = YES;
				CLANG_WARN_EMPTY_BODY = YES;
				CLANG_WARN_ENUM_CONVERSION = YES;
				CLANG_WARN_INFINITE_RECURSION = YES;
				CLANG_WARN_INT_CONVERSION = YES;
				CLANG_WARN_NON_LITERAL_NULL_CONVERSION = YES;
				CLANG_WARN_OBJC_IMPLICIT_RETAIN_SELF = YES;
				CLANG_WARN_OBJC_LITERAL_CONVERSION = YES;
				CLANG_WARN_OBJC_ROOT_CLASS = YES_ERROR;
				CLANG_WARN_QUOTED_INCLUDE_IN_FRAMEWORK_HEADER = YES;
				CLANG_WARN_RANGE_LOOP_ANALYSIS = YES;
				CLANG_WARN_STRICT_PROTOTYPES = YES;
				CLANG_WARN_SUSPICIOUS_MOVE = YES;
				CLANG_WARN_UNGUARDED_AVAILABILITY = YES_AGGRESSIVE;
				CLANG_WARN_UNREACHABLE_CODE = YES;
				CLANG_WARN__DUPLICATE_METHOD_MATCH = YES;
				COPY_PHASE_STRIP = NO;
				DEBUG_INFORMATION_FORMAT = dwarf;
				ENABLE_STRICT_OBJC_MSGSEND = YES;
				ENABLE_TESTABILITY = YES;
				GCC_C_LANGUAGE_STANDARD = gnu11;
				GCC_DYNAMIC_NO_PIC = NO;
				GCC_NO_COMMON_BLOCKS = YES;
				GCC_OPTIMIZATION_LEVEL = 0;
				GCC_PREPROCESSOR_DEFINITIONS = (
					"DEBUG=1",
					"$(inherited)",
				);
				GCC_WARN_64_TO_32_BIT_CONVERSION = YES;
				GCC_WARN_ABOUT_RETURN_TYPE = YES_ERROR;
				GCC_WARN_UNDECLARED_SELECTOR = YES;
				GCC_WARN_UNINITIALIZED_AUTOS = YES_AGGRESSIVE;
				GCC_WARN_UNUSED_FUNCTION = YES;
				GCC_WARN_UNUSED_VARIABLE = YES;
				IPHONEOS_DEPLOYMENT_TARGET = 14.2;
				MTL_ENABLE_DEBUG_INFO = INCLUDE_SOURCE;
				MTL_FAST_MATH = YES;
				ONLY_ACTIVE_ARCH = YES;
				SDKROOT = iphoneos;
				SWIFT_ACTIVE_COMPILATION_CONDITIONS = DEBUG;
				SWIFT_OPTIMIZATION_LEVEL = "-Onone";
			};
			name = Debug;
		};
		D4AB363F25D53FB500459257 /* Release */ = {
			isa = XCBuildConfiguration;
			buildSettings = {
				ALWAYS_SEARCH_USER_PATHS = NO;
				CLANG_ANALYZER_NONNULL = YES;
				CLANG_ANALYZER_NUMBER_OBJECT_CONVERSION = YES_AGGRESSIVE;
				CLANG_CXX_LANGUAGE_STANDARD = "gnu++14";
				CLANG_CXX_LIBRARY = "libc++";
				CLANG_ENABLE_MODULES = YES;
				CLANG_ENABLE_OBJC_ARC = YES;
				CLANG_ENABLE_OBJC_WEAK = YES;
				CLANG_WARN_BLOCK_CAPTURE_AUTORELEASING = YES;
				CLANG_WARN_BOOL_CONVERSION = YES;
				CLANG_WARN_COMMA = YES;
				CLANG_WARN_CONSTANT_CONVERSION = YES;
				CLANG_WARN_DEPRECATED_OBJC_IMPLEMENTATIONS = YES;
				CLANG_WARN_DIRECT_OBJC_ISA_USAGE = YES_ERROR;
				CLANG_WARN_DOCUMENTATION_COMMENTS = YES;
				CLANG_WARN_EMPTY_BODY = YES;
				CLANG_WARN_ENUM_CONVERSION = YES;
				CLANG_WARN_INFINITE_RECURSION = YES;
				CLANG_WARN_INT_CONVERSION = YES;
				CLANG_WARN_NON_LITERAL_NULL_CONVERSION = YES;
				CLANG_WARN_OBJC_IMPLICIT_RETAIN_SELF = YES;
				CLANG_WARN_OBJC_LITERAL_CONVERSION = YES;
				CLANG_WARN_OBJC_ROOT_CLASS = YES_ERROR;
				CLANG_WARN_QUOTED_INCLUDE_IN_FRAMEWORK_HEADER = YES;
				CLANG_WARN_RANGE_LOOP_ANALYSIS = YES;
				CLANG_WARN_STRICT_PROTOTYPES = YES;
				CLANG_WARN_SUSPICIOUS_MOVE = YES;
				CLANG_WARN_UNGUARDED_AVAILABILITY = YES_AGGRESSIVE;
				CLANG_WARN_UNREACHABLE_CODE = YES;
				CLANG_WARN__DUPLICATE_METHOD_MATCH = YES;
				COPY_PHASE_STRIP = NO;
				DEBUG_INFORMATION_FORMAT = "dwarf-with-dsym";
				ENABLE_NS_ASSERTIONS = NO;
				ENABLE_STRICT_OBJC_MSGSEND = YES;
				GCC_C_LANGUAGE_STANDARD = gnu11;
				GCC_NO_COMMON_BLOCKS = YES;
				GCC_WARN_64_TO_32_BIT_CONVERSION = YES;
				GCC_WARN_ABOUT_RETURN_TYPE = YES_ERROR;
				GCC_WARN_UNDECLARED_SELECTOR = YES;
				GCC_WARN_UNINITIALIZED_AUTOS = YES_AGGRESSIVE;
				GCC_WARN_UNUSED_FUNCTION = YES;
				GCC_WARN_UNUSED_VARIABLE = YES;
				IPHONEOS_DEPLOYMENT_TARGET = 14.2;
				MTL_ENABLE_DEBUG_INFO = NO;
				MTL_FAST_MATH = YES;
				SDKROOT = iphoneos;
				SWIFT_COMPILATION_MODE = wholemodule;
				SWIFT_OPTIMIZATION_LEVEL = "-O";
				VALIDATE_PRODUCT = YES;
			};
			name = Release;
		};
		D4AB364125D53FB500459257 /* Debug */ = {
			isa = XCBuildConfiguration;
			baseConfigurationReference = 145A71AA8936048EEA98DE91 /* Pods-Flix.debug.xcconfig */;
			buildSettings = {
				ASSETCATALOG_COMPILER_APPICON_NAME = AppIcon;
				ASSETCATALOG_COMPILER_GLOBAL_ACCENT_COLOR_NAME = AccentColor;
				CODE_SIGN_STYLE = Automatic;
				INFOPLIST_FILE = Flix/Info.plist;
				LD_RUNPATH_SEARCH_PATHS = (
					"$(inherited)",
					"@executable_path/Frameworks",
				);
				PRODUCT_BUNDLE_IDENTIFIER = Madina.Flix;
				PRODUCT_NAME = "$(TARGET_NAME)";
				SWIFT_VERSION = 5.0;
				TARGETED_DEVICE_FAMILY = "1,2";
			};
			name = Debug;
		};
		D4AB364225D53FB500459257 /* Release */ = {
			isa = XCBuildConfiguration;
			baseConfigurationReference = FC45E3EE7475ABDB72A7D5DD /* Pods-Flix.release.xcconfig */;
			buildSettings = {
				ASSETCATALOG_COMPILER_APPICON_NAME = AppIcon;
				ASSETCATALOG_COMPILER_GLOBAL_ACCENT_COLOR_NAME = AccentColor;
				CODE_SIGN_STYLE = Automatic;
				INFOPLIST_FILE = Flix/Info.plist;
				LD_RUNPATH_SEARCH_PATHS = (
					"$(inherited)",
					"@executable_path/Frameworks",
				);
				PRODUCT_BUNDLE_IDENTIFIER = Madina.Flix;
				PRODUCT_NAME = "$(TARGET_NAME)";
				SWIFT_VERSION = 5.0;
				TARGETED_DEVICE_FAMILY = "1,2";
			};
			name = Release;
		};
		D4AB364425D53FB500459257 /* Debug */ = {
			isa = XCBuildConfiguration;
			baseConfigurationReference = 0D3473C121FB4C4A1C8E2ED5 /* Pods-FlixTests.debug.xcconfig */;
			buildSettings = {
				ALWAYS_EMBED_SWIFT_STANDARD_LIBRARIES = YES;
				BUNDLE_LOADER = "$(TEST_HOST)";
				CODE_SIGN_STYLE = Automatic;
				INFOPLIST_FILE = FlixTests/Info.plist;
				IPHONEOS_DEPLOYMENT_TARGET = 14.2;
				LD_RUNPATH_SEARCH_PATHS = (
					"$(inherited)",
					"@executable_path/Frameworks",
					"@loader_path/Frameworks",
				);
				PRODUCT_BUNDLE_IDENTIFIER = Madina.FlixTests;
				PRODUCT_NAME = "$(TARGET_NAME)";
				SWIFT_VERSION = 5.0;
				TARGETED_DEVICE_FAMILY = "1,2";
				TEST_HOST = "$(BUILT_PRODUCTS_DIR)/Flix.app/Flix";
			};
			name = Debug;
		};
		D4AB364525D53FB500459257 /* Release */ = {
			isa = XCBuildConfiguration;
			baseConfigurationReference = BAD1FB947B8A3C6F0BA04AF0 /* Pods-FlixTests.release.xcconfig */;
			buildSettings = {
				ALWAYS_EMBED_SWIFT_STANDARD_LIBRARIES = YES;
				BUNDLE_LOADER = "$(TEST_HOST)";
				CODE_SIGN_STYLE = Automatic;
				INFOPLIST_FILE = FlixTests/Info.plist;
				IPHONEOS_DEPLOYMENT_TARGET = 14.2;
				LD_RUNPATH_SEARCH_PATHS = (
					"$(inherited)",
					"@executable_path/Frameworks",
					"@loader_path/Frameworks",
				);
				PRODUCT_BUNDLE_IDENTIFIER = Madina.FlixTests;
				PRODUCT_NAME = "$(TARGET_NAME)";
				SWIFT_VERSION = 5.0;
				TARGETED_DEVICE_FAMILY = "1,2";
				TEST_HOST = "$(BUILT_PRODUCTS_DIR)/Flix.app/Flix";
			};
			name = Release;
		};
		D4AB364725D53FB500459257 /* Debug */ = {
			isa = XCBuildConfiguration;
			baseConfigurationReference = E0899B8016DC3667DC376EC6 /* Pods-Flix-FlixUITests.debug.xcconfig */;
			buildSettings = {
				ALWAYS_EMBED_SWIFT_STANDARD_LIBRARIES = YES;
				CODE_SIGN_STYLE = Automatic;
				INFOPLIST_FILE = FlixUITests/Info.plist;
				LD_RUNPATH_SEARCH_PATHS = (
					"$(inherited)",
					"@executable_path/Frameworks",
					"@loader_path/Frameworks",
				);
				PRODUCT_BUNDLE_IDENTIFIER = Madina.FlixUITests;
				PRODUCT_NAME = "$(TARGET_NAME)";
				SWIFT_VERSION = 5.0;
				TARGETED_DEVICE_FAMILY = "1,2";
				TEST_TARGET_NAME = Flix;
			};
			name = Debug;
		};
		D4AB364825D53FB500459257 /* Release */ = {
			isa = XCBuildConfiguration;
			baseConfigurationReference = 5E7493BA9F170B62C5BA4C60 /* Pods-Flix-FlixUITests.release.xcconfig */;
			buildSettings = {
				ALWAYS_EMBED_SWIFT_STANDARD_LIBRARIES = YES;
				CODE_SIGN_STYLE = Automatic;
				INFOPLIST_FILE = FlixUITests/Info.plist;
				LD_RUNPATH_SEARCH_PATHS = (
					"$(inherited)",
					"@executable_path/Frameworks",
					"@loader_path/Frameworks",
				);
				PRODUCT_BUNDLE_IDENTIFIER = Madina.FlixUITests;
				PRODUCT_NAME = "$(TARGET_NAME)";
				SWIFT_VERSION = 5.0;
				TARGETED_DEVICE_FAMILY = "1,2";
				TEST_TARGET_NAME = Flix;
			};
			name = Release;
		};
/* End XCBuildConfiguration section */

/* Begin XCConfigurationList section */
		D4AB361125D53FB300459257 /* Build configuration list for PBXProject "Flix" */ = {
			isa = XCConfigurationList;
			buildConfigurations = (
				D4AB363E25D53FB500459257 /* Debug */,
				D4AB363F25D53FB500459257 /* Release */,
			);
			defaultConfigurationIsVisible = 0;
			defaultConfigurationName = Release;
		};
		D4AB364025D53FB500459257 /* Build configuration list for PBXNativeTarget "Flix" */ = {
			isa = XCConfigurationList;
			buildConfigurations = (
				D4AB364125D53FB500459257 /* Debug */,
				D4AB364225D53FB500459257 /* Release */,
			);
			defaultConfigurationIsVisible = 0;
			defaultConfigurationName = Release;
		};
		D4AB364325D53FB500459257 /* Build configuration list for PBXNativeTarget "FlixTests" */ = {
			isa = XCConfigurationList;
			buildConfigurations = (
				D4AB364425D53FB500459257 /* Debug */,
				D4AB364525D53FB500459257 /* Release */,
			);
			defaultConfigurationIsVisible = 0;
			defaultConfigurationName = Release;
		};
		D4AB364625D53FB500459257 /* Build configuration list for PBXNativeTarget "FlixUITests" */ = {
			isa = XCConfigurationList;
			buildConfigurations = (
				D4AB364725D53FB500459257 /* Debug */,
				D4AB364825D53FB500459257 /* Release */,
			);
			defaultConfigurationIsVisible = 0;
			defaultConfigurationName = Release;
		};
/* End XCConfigurationList section */
	};
	rootObject = D4AB360E25D53FB300459257 /* Project object */;
}
